// !$*UTF8*$!
{
	archiveVersion = 1;
	classes = {
	};
	objectVersion = 51;
	objects = {

/* Begin PBXBuildFile section */
		242FE8F124D3BB4400D42867 /* AppDelegate.swift in Sources */ = {isa = PBXBuildFile; fileRef = 242FE8F024D3BB4400D42867 /* AppDelegate.swift */; };
		242FE8F324D3BB4400D42867 /* SceneDelegate.swift in Sources */ = {isa = PBXBuildFile; fileRef = 242FE8F224D3BB4400D42867 /* SceneDelegate.swift */; };
		242FE8F524D3BB4400D42867 /* ViewController.swift in Sources */ = {isa = PBXBuildFile; fileRef = 242FE8F424D3BB4400D42867 /* ViewController.swift */; };
		242FE8F824D3BB4400D42867 /* Main.storyboard in Resources */ = {isa = PBXBuildFile; fileRef = 242FE8F624D3BB4400D42867 /* Main.storyboard */; };
		242FE8FA24D3BB4600D42867 /* Assets.xcassets in Resources */ = {isa = PBXBuildFile; fileRef = 242FE8F924D3BB4600D42867 /* Assets.xcassets */; };
		242FE8FD24D3BB4600D42867 /* LaunchScreen.storyboard in Resources */ = {isa = PBXBuildFile; fileRef = 242FE8FB24D3BB4600D42867 /* LaunchScreen.storyboard */; };
		242FE90824D3BB4700D42867 /* payrabbit_datafono_app_iosTests.swift in Sources */ = {isa = PBXBuildFile; fileRef = 242FE90724D3BB4700D42867 /* payrabbit_datafono_app_iosTests.swift */; };
		242FE91324D3BB4700D42867 /* payrabbit_datafono_app_iosUITests.swift in Sources */ = {isa = PBXBuildFile; fileRef = 242FE91224D3BB4700D42867 /* payrabbit_datafono_app_iosUITests.swift */; };
		242FE92124D3D46200D42867 /* RegisterPageViewController.swift in Sources */ = {isa = PBXBuildFile; fileRef = 242FE92024D3D46200D42867 /* RegisterPageViewController.swift */; };
		242FE92324D4646D00D42867 /* LoginViewController.swift in Sources */ = {isa = PBXBuildFile; fileRef = 242FE92224D4646D00D42867 /* LoginViewController.swift */; };
		24B0BF5124D9D33100395622 /* PaymentViewController.swift in Sources */ = {isa = PBXBuildFile; fileRef = 24B0BF5024D9D33100395622 /* PaymentViewController.swift */; };
		24B4A2C624E449CB00E930C6 /* BankAccountViewController.swift in Sources */ = {isa = PBXBuildFile; fileRef = 24B4A2C524E449CB00E930C6 /* BankAccountViewController.swift */; };
		24DF895724D52DFB006A549D /* CalculatorViewController.swift in Sources */ = {isa = PBXBuildFile; fileRef = 24DF895624D52DFB006A549D /* CalculatorViewController.swift */; };
		24E49B2024EC0FDD002547C0 /* DocumentRegisterViewController.swift in Sources */ = {isa = PBXBuildFile; fileRef = 24E49B1F24EC0FDD002547C0 /* DocumentRegisterViewController.swift */; };
		24E49B2224EC14CB002547C0 /* BusinessRegisterViewController.swift in Sources */ = {isa = PBXBuildFile; fileRef = 24E49B2124EC14CB002547C0 /* BusinessRegisterViewController.swift */; };
		39F89C34388D1A58C910BF47 /* Pods_payrabbit_datafono_app_ios_payrabbit_datafono_app_iosUITests.framework in Frameworks */ = {isa = PBXBuildFile; fileRef = 2E58D61348E1F5EF8A37F6F4 /* Pods_payrabbit_datafono_app_ios_payrabbit_datafono_app_iosUITests.framework */; };
		7A7D848C141FB6A7614AE681 /* Pods_payrabbit_datafono_app_iosTests.framework in Frameworks */ = {isa = PBXBuildFile; fileRef = A58120D0EF1291B3445DE758 /* Pods_payrabbit_datafono_app_iosTests.framework */; };
		C69380E5FEF770C5177F02FA /* Pods_payrabbit_datafono_app_ios.framework in Frameworks */ = {isa = PBXBuildFile; fileRef = B29DC20C27F2A0AAA986094B /* Pods_payrabbit_datafono_app_ios.framework */; };
/* End PBXBuildFile section */

/* Begin PBXContainerItemProxy section */
		242FE90424D3BB4700D42867 /* PBXContainerItemProxy */ = {
			isa = PBXContainerItemProxy;
			containerPortal = 242FE8E524D3BB4400D42867 /* Project object */;
			proxyType = 1;
			remoteGlobalIDString = 242FE8EC24D3BB4400D42867;
			remoteInfo = "payrabbit-datafono-app-ios";
		};
		242FE90F24D3BB4700D42867 /* PBXContainerItemProxy */ = {
			isa = PBXContainerItemProxy;
			containerPortal = 242FE8E524D3BB4400D42867 /* Project object */;
			proxyType = 1;
			remoteGlobalIDString = 242FE8EC24D3BB4400D42867;
			remoteInfo = "payrabbit-datafono-app-ios";
		};
/* End PBXContainerItemProxy section */

/* Begin PBXFileReference section */
		242FE8ED24D3BB4400D42867 /* payrabbit-datafono-app-ios.app */ = {isa = PBXFileReference; explicitFileType = wrapper.application; includeInIndex = 0; path = "payrabbit-datafono-app-ios.app"; sourceTree = BUILT_PRODUCTS_DIR; };
		242FE8F024D3BB4400D42867 /* AppDelegate.swift */ = {isa = PBXFileReference; lastKnownFileType = sourcecode.swift; path = AppDelegate.swift; sourceTree = "<group>"; };
		242FE8F224D3BB4400D42867 /* SceneDelegate.swift */ = {isa = PBXFileReference; lastKnownFileType = sourcecode.swift; path = SceneDelegate.swift; sourceTree = "<group>"; };
		242FE8F424D3BB4400D42867 /* ViewController.swift */ = {isa = PBXFileReference; lastKnownFileType = sourcecode.swift; path = ViewController.swift; sourceTree = "<group>"; };
		242FE8F724D3BB4400D42867 /* Base */ = {isa = PBXFileReference; lastKnownFileType = file.storyboard; name = Base; path = Base.lproj/Main.storyboard; sourceTree = "<group>"; };
		242FE8F924D3BB4600D42867 /* Assets.xcassets */ = {isa = PBXFileReference; lastKnownFileType = folder.assetcatalog; path = Assets.xcassets; sourceTree = "<group>"; };
		242FE8FC24D3BB4600D42867 /* Base */ = {isa = PBXFileReference; lastKnownFileType = file.storyboard; name = Base; path = Base.lproj/LaunchScreen.storyboard; sourceTree = "<group>"; };
		242FE8FE24D3BB4600D42867 /* Info.plist */ = {isa = PBXFileReference; lastKnownFileType = text.plist.xml; path = Info.plist; sourceTree = "<group>"; };
		242FE90324D3BB4700D42867 /* payrabbit-datafono-app-iosTests.xctest */ = {isa = PBXFileReference; explicitFileType = wrapper.cfbundle; includeInIndex = 0; path = "payrabbit-datafono-app-iosTests.xctest"; sourceTree = BUILT_PRODUCTS_DIR; };
		242FE90724D3BB4700D42867 /* payrabbit_datafono_app_iosTests.swift */ = {isa = PBXFileReference; lastKnownFileType = sourcecode.swift; path = payrabbit_datafono_app_iosTests.swift; sourceTree = "<group>"; };
		242FE90924D3BB4700D42867 /* Info.plist */ = {isa = PBXFileReference; lastKnownFileType = text.plist.xml; path = Info.plist; sourceTree = "<group>"; };
		242FE90E24D3BB4700D42867 /* payrabbit-datafono-app-iosUITests.xctest */ = {isa = PBXFileReference; explicitFileType = wrapper.cfbundle; includeInIndex = 0; path = "payrabbit-datafono-app-iosUITests.xctest"; sourceTree = BUILT_PRODUCTS_DIR; };
		242FE91224D3BB4700D42867 /* payrabbit_datafono_app_iosUITests.swift */ = {isa = PBXFileReference; lastKnownFileType = sourcecode.swift; path = payrabbit_datafono_app_iosUITests.swift; sourceTree = "<group>"; };
		242FE91424D3BB4700D42867 /* Info.plist */ = {isa = PBXFileReference; lastKnownFileType = text.plist.xml; path = Info.plist; sourceTree = "<group>"; };
		242FE92024D3D46200D42867 /* RegisterPageViewController.swift */ = {isa = PBXFileReference; lastKnownFileType = sourcecode.swift; name = RegisterPageViewController.swift; path = Controllers/RegisterPageViewController.swift; sourceTree = "<group>"; };
		242FE92224D4646D00D42867 /* LoginViewController.swift */ = {isa = PBXFileReference; lastKnownFileType = sourcecode.swift; name = LoginViewController.swift; path = Controllers/LoginViewController.swift; sourceTree = "<group>"; };
		24B0BF5024D9D33100395622 /* PaymentViewController.swift */ = {isa = PBXFileReference; lastKnownFileType = sourcecode.swift; name = PaymentViewController.swift; path = Controllers/PaymentViewController.swift; sourceTree = "<group>"; };
		24B4A2C524E449CB00E930C6 /* BankAccountViewController.swift */ = {isa = PBXFileReference; lastKnownFileType = sourcecode.swift; name = BankAccountViewController.swift; path = Controllers/BankAccountViewController.swift; sourceTree = "<group>"; };
		24DF895624D52DFB006A549D /* CalculatorViewController.swift */ = {isa = PBXFileReference; lastKnownFileType = sourcecode.swift; name = CalculatorViewController.swift; path = Controllers/CalculatorViewController.swift; sourceTree = "<group>"; };
		24E49B1F24EC0FDD002547C0 /* DocumentRegisterViewController.swift */ = {isa = PBXFileReference; lastKnownFileType = sourcecode.swift; name = DocumentRegisterViewController.swift; path = Controllers/DocumentRegisterViewController.swift; sourceTree = "<group>"; };
		24E49B2124EC14CB002547C0 /* BusinessRegisterViewController.swift */ = {isa = PBXFileReference; lastKnownFileType = sourcecode.swift; name = BusinessRegisterViewController.swift; path = Controllers/BusinessRegisterViewController.swift; sourceTree = "<group>"; };
		2E58D61348E1F5EF8A37F6F4 /* Pods_payrabbit_datafono_app_ios_payrabbit_datafono_app_iosUITests.framework */ = {isa = PBXFileReference; explicitFileType = wrapper.framework; includeInIndex = 0; path = Pods_payrabbit_datafono_app_ios_payrabbit_datafono_app_iosUITests.framework; sourceTree = BUILT_PRODUCTS_DIR; };
		8ECAEFFB07F68CC92175C37E /* Pods-payrabbit-datafono-app-ios-payrabbit-datafono-app-iosUITests.debug.xcconfig */ = {isa = PBXFileReference; includeInIndex = 1; lastKnownFileType = text.xcconfig; name = "Pods-payrabbit-datafono-app-ios-payrabbit-datafono-app-iosUITests.debug.xcconfig"; path = "Target Support Files/Pods-payrabbit-datafono-app-ios-payrabbit-datafono-app-iosUITests/Pods-payrabbit-datafono-app-ios-payrabbit-datafono-app-iosUITests.debug.xcconfig"; sourceTree = "<group>"; };
		9F70F64435C640D06DBC3A11 /* Pods-payrabbit-datafono-app-ios.debug.xcconfig */ = {isa = PBXFileReference; includeInIndex = 1; lastKnownFileType = text.xcconfig; name = "Pods-payrabbit-datafono-app-ios.debug.xcconfig"; path = "Target Support Files/Pods-payrabbit-datafono-app-ios/Pods-payrabbit-datafono-app-ios.debug.xcconfig"; sourceTree = "<group>"; };
		A58120D0EF1291B3445DE758 /* Pods_payrabbit_datafono_app_iosTests.framework */ = {isa = PBXFileReference; explicitFileType = wrapper.framework; includeInIndex = 0; path = Pods_payrabbit_datafono_app_iosTests.framework; sourceTree = BUILT_PRODUCTS_DIR; };
		B29DC20C27F2A0AAA986094B /* Pods_payrabbit_datafono_app_ios.framework */ = {isa = PBXFileReference; explicitFileType = wrapper.framework; includeInIndex = 0; path = Pods_payrabbit_datafono_app_ios.framework; sourceTree = BUILT_PRODUCTS_DIR; };
		C307B4C252AB8DF78E0DC692 /* Pods-payrabbit-datafono-app-ios-payrabbit-datafono-app-iosUITests.release.xcconfig */ = {isa = PBXFileReference; includeInIndex = 1; lastKnownFileType = text.xcconfig; name = "Pods-payrabbit-datafono-app-ios-payrabbit-datafono-app-iosUITests.release.xcconfig"; path = "Target Support Files/Pods-payrabbit-datafono-app-ios-payrabbit-datafono-app-iosUITests/Pods-payrabbit-datafono-app-ios-payrabbit-datafono-app-iosUITests.release.xcconfig"; sourceTree = "<group>"; };
		C330F7D167BB0A96EC8511FC /* Pods-payrabbit-datafono-app-ios.release.xcconfig */ = {isa = PBXFileReference; includeInIndex = 1; lastKnownFileType = text.xcconfig; name = "Pods-payrabbit-datafono-app-ios.release.xcconfig"; path = "Target Support Files/Pods-payrabbit-datafono-app-ios/Pods-payrabbit-datafono-app-ios.release.xcconfig"; sourceTree = "<group>"; };
		C4886470D39785AB40197AA6 /* Pods-payrabbit-datafono-app-iosTests.release.xcconfig */ = {isa = PBXFileReference; includeInIndex = 1; lastKnownFileType = text.xcconfig; name = "Pods-payrabbit-datafono-app-iosTests.release.xcconfig"; path = "Target Support Files/Pods-payrabbit-datafono-app-iosTests/Pods-payrabbit-datafono-app-iosTests.release.xcconfig"; sourceTree = "<group>"; };
		F032CCCB7F41F7E8CEF1F64F /* Pods-payrabbit-datafono-app-iosTests.debug.xcconfig */ = {isa = PBXFileReference; includeInIndex = 1; lastKnownFileType = text.xcconfig; name = "Pods-payrabbit-datafono-app-iosTests.debug.xcconfig"; path = "Target Support Files/Pods-payrabbit-datafono-app-iosTests/Pods-payrabbit-datafono-app-iosTests.debug.xcconfig"; sourceTree = "<group>"; };
/* End PBXFileReference section */

/* Begin PBXFrameworksBuildPhase section */
		242FE8EA24D3BB4400D42867 /* Frameworks */ = {
			isa = PBXFrameworksBuildPhase;
			buildActionMask = 2147483647;
			files = (
				C69380E5FEF770C5177F02FA /* Pods_payrabbit_datafono_app_ios.framework in Frameworks */,
			);
			runOnlyForDeploymentPostprocessing = 0;
		};
		242FE90024D3BB4700D42867 /* Frameworks */ = {
			isa = PBXFrameworksBuildPhase;
			buildActionMask = 2147483647;
			files = (
				7A7D848C141FB6A7614AE681 /* Pods_payrabbit_datafono_app_iosTests.framework in Frameworks */,
			);
			runOnlyForDeploymentPostprocessing = 0;
		};
		242FE90B24D3BB4700D42867 /* Frameworks */ = {
			isa = PBXFrameworksBuildPhase;
			buildActionMask = 2147483647;
			files = (
				39F89C34388D1A58C910BF47 /* Pods_payrabbit_datafono_app_ios_payrabbit_datafono_app_iosUITests.framework in Frameworks */,
			);
			runOnlyForDeploymentPostprocessing = 0;
		};
/* End PBXFrameworksBuildPhase section */

/* Begin PBXGroup section */
		242FE8E424D3BB4400D42867 = {
			isa = PBXGroup;
			children = (
				242FE8EF24D3BB4400D42867 /* payrabbit-datafono-app-ios */,
				242FE90624D3BB4700D42867 /* payrabbit-datafono-app-iosTests */,
				242FE91124D3BB4700D42867 /* payrabbit-datafono-app-iosUITests */,
				242FE8EE24D3BB4400D42867 /* Products */,
				E011B64173E03A85C40EB059 /* Pods */,
				6954B552B567E3DE8C86F2DE /* Frameworks */,
			);
			sourceTree = "<group>";
		};
		242FE8EE24D3BB4400D42867 /* Products */ = {
			isa = PBXGroup;
			children = (
				242FE8ED24D3BB4400D42867 /* payrabbit-datafono-app-ios.app */,
				242FE90324D3BB4700D42867 /* payrabbit-datafono-app-iosTests.xctest */,
				242FE90E24D3BB4700D42867 /* payrabbit-datafono-app-iosUITests.xctest */,
			);
			name = Products;
			sourceTree = "<group>";
		};
		242FE8EF24D3BB4400D42867 /* payrabbit-datafono-app-ios */ = {
			isa = PBXGroup;
			children = (
				242FE8F024D3BB4400D42867 /* AppDelegate.swift */,
				242FE8F224D3BB4400D42867 /* SceneDelegate.swift */,
				242FE8F424D3BB4400D42867 /* ViewController.swift */,
				242FE8F624D3BB4400D42867 /* Main.storyboard */,
				242FE8F924D3BB4600D42867 /* Assets.xcassets */,
				242FE8FB24D3BB4600D42867 /* LaunchScreen.storyboard */,
				242FE8FE24D3BB4600D42867 /* Info.plist */,
				242FE92024D3D46200D42867 /* RegisterPageViewController.swift */,
				242FE92224D4646D00D42867 /* LoginViewController.swift */,
				24DF895624D52DFB006A549D /* CalculatorViewController.swift */,
				24B0BF5024D9D33100395622 /* PaymentViewController.swift */,
				24B4A2C524E449CB00E930C6 /* BankAccountViewController.swift */,
				24E49B1F24EC0FDD002547C0 /* DocumentRegisterViewController.swift */,
				24E49B2124EC14CB002547C0 /* BusinessRegisterViewController.swift */,
			);
			path = "payrabbit-datafono-app-ios";
			sourceTree = "<group>";
		};
		242FE90624D3BB4700D42867 /* payrabbit-datafono-app-iosTests */ = {
			isa = PBXGroup;
			children = (
				242FE90724D3BB4700D42867 /* payrabbit_datafono_app_iosTests.swift */,
				242FE90924D3BB4700D42867 /* Info.plist */,
			);
			path = "payrabbit-datafono-app-iosTests";
			sourceTree = "<group>";
		};
		242FE91124D3BB4700D42867 /* payrabbit-datafono-app-iosUITests */ = {
			isa = PBXGroup;
			children = (
				242FE91224D3BB4700D42867 /* payrabbit_datafono_app_iosUITests.swift */,
				242FE91424D3BB4700D42867 /* Info.plist */,
			);
			path = "payrabbit-datafono-app-iosUITests";
			sourceTree = "<group>";
		};
		6954B552B567E3DE8C86F2DE /* Frameworks */ = {
			isa = PBXGroup;
			children = (
				B29DC20C27F2A0AAA986094B /* Pods_payrabbit_datafono_app_ios.framework */,
				2E58D61348E1F5EF8A37F6F4 /* Pods_payrabbit_datafono_app_ios_payrabbit_datafono_app_iosUITests.framework */,
				A58120D0EF1291B3445DE758 /* Pods_payrabbit_datafono_app_iosTests.framework */,
			);
			name = Frameworks;
			sourceTree = "<group>";
		};
		E011B64173E03A85C40EB059 /* Pods */ = {
			isa = PBXGroup;
			children = (
				9F70F64435C640D06DBC3A11 /* Pods-payrabbit-datafono-app-ios.debug.xcconfig */,
				C330F7D167BB0A96EC8511FC /* Pods-payrabbit-datafono-app-ios.release.xcconfig */,
				8ECAEFFB07F68CC92175C37E /* Pods-payrabbit-datafono-app-ios-payrabbit-datafono-app-iosUITests.debug.xcconfig */,
				C307B4C252AB8DF78E0DC692 /* Pods-payrabbit-datafono-app-ios-payrabbit-datafono-app-iosUITests.release.xcconfig */,
				F032CCCB7F41F7E8CEF1F64F /* Pods-payrabbit-datafono-app-iosTests.debug.xcconfig */,
				C4886470D39785AB40197AA6 /* Pods-payrabbit-datafono-app-iosTests.release.xcconfig */,
			);
			path = Pods;
			sourceTree = "<group>";
		};
/* End PBXGroup section */

/* Begin PBXNativeTarget section */
		242FE8EC24D3BB4400D42867 /* payrabbit-datafono-app-ios */ = {
			isa = PBXNativeTarget;
			buildConfigurationList = 242FE91724D3BB4700D42867 /* Build configuration list for PBXNativeTarget "payrabbit-datafono-app-ios" */;
			buildPhases = (
				D920362C50DFE21F7DEA04A8 /* [CP] Check Pods Manifest.lock */,
				242FE8E924D3BB4400D42867 /* Sources */,
				242FE8EA24D3BB4400D42867 /* Frameworks */,
				242FE8EB24D3BB4400D42867 /* Resources */,
				0E426C733D416AED677F4D3A /* [CP] Embed Pods Frameworks */,
			);
			buildRules = (
			);
			dependencies = (
			);
			name = "payrabbit-datafono-app-ios";
			productName = "payrabbit-datafono-app-ios";
			productReference = 242FE8ED24D3BB4400D42867 /* payrabbit-datafono-app-ios.app */;
			productType = "com.apple.product-type.application";
		};
		242FE90224D3BB4700D42867 /* payrabbit-datafono-app-iosTests */ = {
			isa = PBXNativeTarget;
			buildConfigurationList = 242FE91A24D3BB4700D42867 /* Build configuration list for PBXNativeTarget "payrabbit-datafono-app-iosTests" */;
			buildPhases = (
				8C55719FA67297F9C553B7D5 /* [CP] Check Pods Manifest.lock */,
				242FE8FF24D3BB4700D42867 /* Sources */,
				242FE90024D3BB4700D42867 /* Frameworks */,
				242FE90124D3BB4700D42867 /* Resources */,
			);
			buildRules = (
			);
			dependencies = (
				242FE90524D3BB4700D42867 /* PBXTargetDependency */,
			);
			name = "payrabbit-datafono-app-iosTests";
			productName = "payrabbit-datafono-app-iosTests";
			productReference = 242FE90324D3BB4700D42867 /* payrabbit-datafono-app-iosTests.xctest */;
			productType = "com.apple.product-type.bundle.unit-test";
		};
		242FE90D24D3BB4700D42867 /* payrabbit-datafono-app-iosUITests */ = {
			isa = PBXNativeTarget;
			buildConfigurationList = 242FE91D24D3BB4700D42867 /* Build configuration list for PBXNativeTarget "payrabbit-datafono-app-iosUITests" */;
			buildPhases = (
				9A6680F382EB3D28395B951E /* [CP] Check Pods Manifest.lock */,
				242FE90A24D3BB4700D42867 /* Sources */,
				242FE90B24D3BB4700D42867 /* Frameworks */,
				242FE90C24D3BB4700D42867 /* Resources */,
				ABF032BAB4D7CDFD22C56F5D /* [CP] Embed Pods Frameworks */,
			);
			buildRules = (
			);
			dependencies = (
				242FE91024D3BB4700D42867 /* PBXTargetDependency */,
			);
			name = "payrabbit-datafono-app-iosUITests";
			productName = "payrabbit-datafono-app-iosUITests";
			productReference = 242FE90E24D3BB4700D42867 /* payrabbit-datafono-app-iosUITests.xctest */;
			productType = "com.apple.product-type.bundle.ui-testing";
		};
/* End PBXNativeTarget section */

/* Begin PBXProject section */
		242FE8E524D3BB4400D42867 /* Project object */ = {
			isa = PBXProject;
			attributes = {
				LastSwiftUpdateCheck = 1160;
				LastUpgradeCheck = 1160;
				ORGANIZATIONNAME = Keos;
				TargetAttributes = {
					242FE8EC24D3BB4400D42867 = {
						CreatedOnToolsVersion = 11.6;
					};
					242FE90224D3BB4700D42867 = {
						CreatedOnToolsVersion = 11.6;
						TestTargetID = 242FE8EC24D3BB4400D42867;
					};
					242FE90D24D3BB4700D42867 = {
						CreatedOnToolsVersion = 11.6;
						TestTargetID = 242FE8EC24D3BB4400D42867;
					};
				};
			};
			buildConfigurationList = 242FE8E824D3BB4400D42867 /* Build configuration list for PBXProject "payrabbit-datafono-app-ios" */;
			compatibilityVersion = "Xcode 9.3";
			developmentRegion = en;
			hasScannedForEncodings = 0;
			knownRegions = (
				en,
				Base,
			);
			mainGroup = 242FE8E424D3BB4400D42867;
			productRefGroup = 242FE8EE24D3BB4400D42867 /* Products */;
			projectDirPath = "";
			projectRoot = "";
			targets = (
				242FE8EC24D3BB4400D42867 /* payrabbit-datafono-app-ios */,
				242FE90224D3BB4700D42867 /* payrabbit-datafono-app-iosTests */,
				242FE90D24D3BB4700D42867 /* payrabbit-datafono-app-iosUITests */,
			);
		};
/* End PBXProject section */

/* Begin PBXResourcesBuildPhase section */
		242FE8EB24D3BB4400D42867 /* Resources */ = {
			isa = PBXResourcesBuildPhase;
			buildActionMask = 2147483647;
			files = (
				242FE8FD24D3BB4600D42867 /* LaunchScreen.storyboard in Resources */,
				242FE8FA24D3BB4600D42867 /* Assets.xcassets in Resources */,
				242FE8F824D3BB4400D42867 /* Main.storyboard in Resources */,
			);
			runOnlyForDeploymentPostprocessing = 0;
		};
		242FE90124D3BB4700D42867 /* Resources */ = {
			isa = PBXResourcesBuildPhase;
			buildActionMask = 2147483647;
			files = (
			);
			runOnlyForDeploymentPostprocessing = 0;
		};
		242FE90C24D3BB4700D42867 /* Resources */ = {
			isa = PBXResourcesBuildPhase;
			buildActionMask = 2147483647;
			files = (
			);
			runOnlyForDeploymentPostprocessing = 0;
		};
/* End PBXResourcesBuildPhase section */

/* Begin PBXShellScriptBuildPhase section */
		0E426C733D416AED677F4D3A /* [CP] Embed Pods Frameworks */ = {
			isa = PBXShellScriptBuildPhase;
			buildActionMask = 2147483647;
			files = (
			);
			inputFileListPaths = (
				"${PODS_ROOT}/Target Support Files/Pods-payrabbit-datafono-app-ios/Pods-payrabbit-datafono-app-ios-frameworks-${CONFIGURATION}-input-files.xcfilelist",
			);
			name = "[CP] Embed Pods Frameworks";
			outputFileListPaths = (
				"${PODS_ROOT}/Target Support Files/Pods-payrabbit-datafono-app-ios/Pods-payrabbit-datafono-app-ios-frameworks-${CONFIGURATION}-output-files.xcfilelist",
			);
			runOnlyForDeploymentPostprocessing = 0;
			shellPath = /bin/sh;
			shellScript = "\"${PODS_ROOT}/Target Support Files/Pods-payrabbit-datafono-app-ios/Pods-payrabbit-datafono-app-ios-frameworks.sh\"\n";
			showEnvVarsInLog = 0;
		};
		8C55719FA67297F9C553B7D5 /* [CP] Check Pods Manifest.lock */ = {
			isa = PBXShellScriptBuildPhase;
			buildActionMask = 2147483647;
			files = (
			);
			inputFileListPaths = (
			);
			inputPaths = (
				"${PODS_PODFILE_DIR_PATH}/Podfile.lock",
				"${PODS_ROOT}/Manifest.lock",
			);
			name = "[CP] Check Pods Manifest.lock";
			outputFileListPaths = (
			);
			outputPaths = (
				"$(DERIVED_FILE_DIR)/Pods-payrabbit-datafono-app-iosTests-checkManifestLockResult.txt",
			);
			runOnlyForDeploymentPostprocessing = 0;
			shellPath = /bin/sh;
			shellScript = "diff \"${PODS_PODFILE_DIR_PATH}/Podfile.lock\" \"${PODS_ROOT}/Manifest.lock\" > /dev/null\nif [ $? != 0 ] ; then\n    # print error to STDERR\n    echo \"error: The sandbox is not in sync with the Podfile.lock. Run 'pod install' or update your CocoaPods installation.\" >&2\n    exit 1\nfi\n# This output is used by Xcode 'outputs' to avoid re-running this script phase.\necho \"SUCCESS\" > \"${SCRIPT_OUTPUT_FILE_0}\"\n";
			showEnvVarsInLog = 0;
		};
		9A6680F382EB3D28395B951E /* [CP] Check Pods Manifest.lock */ = {
			isa = PBXShellScriptBuildPhase;
			buildActionMask = 2147483647;
			files = (
			);
			inputFileListPaths = (
			);
			inputPaths = (
				"${PODS_PODFILE_DIR_PATH}/Podfile.lock",
				"${PODS_ROOT}/Manifest.lock",
			);
			name = "[CP] Check Pods Manifest.lock";
			outputFileListPaths = (
			);
			outputPaths = (
				"$(DERIVED_FILE_DIR)/Pods-payrabbit-datafono-app-ios-payrabbit-datafono-app-iosUITests-checkManifestLockResult.txt",
			);
			runOnlyForDeploymentPostprocessing = 0;
			shellPath = /bin/sh;
			shellScript = "diff \"${PODS_PODFILE_DIR_PATH}/Podfile.lock\" \"${PODS_ROOT}/Manifest.lock\" > /dev/null\nif [ $? != 0 ] ; then\n    # print error to STDERR\n    echo \"error: The sandbox is not in sync with the Podfile.lock. Run 'pod install' or update your CocoaPods installation.\" >&2\n    exit 1\nfi\n# This output is used by Xcode 'outputs' to avoid re-running this script phase.\necho \"SUCCESS\" > \"${SCRIPT_OUTPUT_FILE_0}\"\n";
			showEnvVarsInLog = 0;
		};
		ABF032BAB4D7CDFD22C56F5D /* [CP] Embed Pods Frameworks */ = {
			isa = PBXShellScriptBuildPhase;
			buildActionMask = 2147483647;
			files = (
			);
			inputFileListPaths = (
				"${PODS_ROOT}/Target Support Files/Pods-payrabbit-datafono-app-ios-payrabbit-datafono-app-iosUITests/Pods-payrabbit-datafono-app-ios-payrabbit-datafono-app-iosUITests-frameworks-${CONFIGURATION}-input-files.xcfilelist",
			);
			name = "[CP] Embed Pods Frameworks";
			outputFileListPaths = (
				"${PODS_ROOT}/Target Support Files/Pods-payrabbit-datafono-app-ios-payrabbit-datafono-app-iosUITests/Pods-payrabbit-datafono-app-ios-payrabbit-datafono-app-iosUITests-frameworks-${CONFIGURATION}-output-files.xcfilelist",
			);
			runOnlyForDeploymentPostprocessing = 0;
			shellPath = /bin/sh;
			shellScript = "\"${PODS_ROOT}/Target Support Files/Pods-payrabbit-datafono-app-ios-payrabbit-datafono-app-iosUITests/Pods-payrabbit-datafono-app-ios-payrabbit-datafono-app-iosUITests-frameworks.sh\"\n";
			showEnvVarsInLog = 0;
		};
		D920362C50DFE21F7DEA04A8 /* [CP] Check Pods Manifest.lock */ = {
			isa = PBXShellScriptBuildPhase;
			buildActionMask = 2147483647;
			files = (
			);
			inputFileListPaths = (
			);
			inputPaths = (
				"${PODS_PODFILE_DIR_PATH}/Podfile.lock",
				"${PODS_ROOT}/Manifest.lock",
			);
			name = "[CP] Check Pods Manifest.lock";
			outputFileListPaths = (
			);
			outputPaths = (
				"$(DERIVED_FILE_DIR)/Pods-payrabbit-datafono-app-ios-checkManifestLockResult.txt",
			);
			runOnlyForDeploymentPostprocessing = 0;
			shellPath = /bin/sh;
			shellScript = "diff \"${PODS_PODFILE_DIR_PATH}/Podfile.lock\" \"${PODS_ROOT}/Manifest.lock\" > /dev/null\nif [ $? != 0 ] ; then\n    # print error to STDERR\n    echo \"error: The sandbox is not in sync with the Podfile.lock. Run 'pod install' or update your CocoaPods installation.\" >&2\n    exit 1\nfi\n# This output is used by Xcode 'outputs' to avoid re-running this script phase.\necho \"SUCCESS\" > \"${SCRIPT_OUTPUT_FILE_0}\"\n";
			showEnvVarsInLog = 0;
		};
/* End PBXShellScriptBuildPhase section */

/* Begin PBXSourcesBuildPhase section */
		242FE8E924D3BB4400D42867 /* Sources */ = {
			isa = PBXSourcesBuildPhase;
			buildActionMask = 2147483647;
			files = (
				24B0BF5124D9D33100395622 /* PaymentViewController.swift in Sources */,
				242FE92124D3D46200D42867 /* RegisterPageViewController.swift in Sources */,
				24B4A2C624E449CB00E930C6 /* BankAccountViewController.swift in Sources */,
				242FE8F524D3BB4400D42867 /* ViewController.swift in Sources */,
				24E49B2024EC0FDD002547C0 /* DocumentRegisterViewController.swift in Sources */,
				242FE8F124D3BB4400D42867 /* AppDelegate.swift in Sources */,
				242FE92324D4646D00D42867 /* LoginViewController.swift in Sources */,
				24DF895724D52DFB006A549D /* CalculatorViewController.swift in Sources */,
				242FE8F324D3BB4400D42867 /* SceneDelegate.swift in Sources */,
				24E49B2224EC14CB002547C0 /* BusinessRegisterViewController.swift in Sources */,
			);
			runOnlyForDeploymentPostprocessing = 0;
		};
		242FE8FF24D3BB4700D42867 /* Sources */ = {
			isa = PBXSourcesBuildPhase;
			buildActionMask = 2147483647;
			files = (
				242FE90824D3BB4700D42867 /* payrabbit_datafono_app_iosTests.swift in Sources */,
			);
			runOnlyForDeploymentPostprocessing = 0;
		};
		242FE90A24D3BB4700D42867 /* Sources */ = {
			isa = PBXSourcesBuildPhase;
			buildActionMask = 2147483647;
			files = (
				242FE91324D3BB4700D42867 /* payrabbit_datafono_app_iosUITests.swift in Sources */,
			);
			runOnlyForDeploymentPostprocessing = 0;
		};
/* End PBXSourcesBuildPhase section */

/* Begin PBXTargetDependency section */
		242FE90524D3BB4700D42867 /* PBXTargetDependency */ = {
			isa = PBXTargetDependency;
			target = 242FE8EC24D3BB4400D42867 /* payrabbit-datafono-app-ios */;
			targetProxy = 242FE90424D3BB4700D42867 /* PBXContainerItemProxy */;
		};
		242FE91024D3BB4700D42867 /* PBXTargetDependency */ = {
			isa = PBXTargetDependency;
			target = 242FE8EC24D3BB4400D42867 /* payrabbit-datafono-app-ios */;
			targetProxy = 242FE90F24D3BB4700D42867 /* PBXContainerItemProxy */;
		};
/* End PBXTargetDependency section */

/* Begin PBXVariantGroup section */
		242FE8F624D3BB4400D42867 /* Main.storyboard */ = {
			isa = PBXVariantGroup;
			children = (
				242FE8F724D3BB4400D42867 /* Base */,
			);
			name = Main.storyboard;
			sourceTree = "<group>";
		};
		242FE8FB24D3BB4600D42867 /* LaunchScreen.storyboard */ = {
			isa = PBXVariantGroup;
			children = (
				242FE8FC24D3BB4600D42867 /* Base */,
			);
			name = LaunchScreen.storyboard;
			sourceTree = "<group>";
		};
/* End PBXVariantGroup section */

/* Begin XCBuildConfiguration section */
		242FE91524D3BB4700D42867 /* Debug */ = {
			isa = XCBuildConfiguration;
			buildSettings = {
				ALWAYS_SEARCH_USER_PATHS = NO;
				CLANG_ANALYZER_NONNULL = YES;
				CLANG_ANALYZER_NUMBER_OBJECT_CONVERSION = YES_AGGRESSIVE;
				CLANG_CXX_LANGUAGE_STANDARD = "gnu++14";
				CLANG_CXX_LIBRARY = "libc++";
				CLANG_ENABLE_MODULES = YES;
				CLANG_ENABLE_OBJC_ARC = YES;
				CLANG_ENABLE_OBJC_WEAK = YES;
				CLANG_WARN_BLOCK_CAPTURE_AUTORELEASING = YES;
				CLANG_WARN_BOOL_CONVERSION = YES;
				CLANG_WARN_COMMA = YES;
				CLANG_WARN_CONSTANT_CONVERSION = YES;
				CLANG_WARN_DEPRECATED_OBJC_IMPLEMENTATIONS = YES;
				CLANG_WARN_DIRECT_OBJC_ISA_USAGE = YES_ERROR;
				CLANG_WARN_DOCUMENTATION_COMMENTS = YES;
				CLANG_WARN_EMPTY_BODY = YES;
				CLANG_WARN_ENUM_CONVERSION = YES;
				CLANG_WARN_INFINITE_RECURSION = YES;
				CLANG_WARN_INT_CONVERSION = YES;
				CLANG_WARN_NON_LITERAL_NULL_CONVERSION = YES;
				CLANG_WARN_OBJC_IMPLICIT_RETAIN_SELF = YES;
				CLANG_WARN_OBJC_LITERAL_CONVERSION = YES;
				CLANG_WARN_OBJC_ROOT_CLASS = YES_ERROR;
				CLANG_WARN_RANGE_LOOP_ANALYSIS = YES;
				CLANG_WARN_STRICT_PROTOTYPES = YES;
				CLANG_WARN_SUSPICIOUS_MOVE = YES;
				CLANG_WARN_UNGUARDED_AVAILABILITY = YES_AGGRESSIVE;
				CLANG_WARN_UNREACHABLE_CODE = YES;
				CLANG_WARN__DUPLICATE_METHOD_MATCH = YES;
				COPY_PHASE_STRIP = NO;
				DEBUG_INFORMATION_FORMAT = dwarf;
				ENABLE_STRICT_OBJC_MSGSEND = YES;
				ENABLE_TESTABILITY = YES;
				GCC_C_LANGUAGE_STANDARD = gnu11;
				GCC_DYNAMIC_NO_PIC = NO;
				GCC_NO_COMMON_BLOCKS = YES;
				GCC_OPTIMIZATION_LEVEL = 0;
				GCC_PREPROCESSOR_DEFINITIONS = (
					"DEBUG=1",
					"$(inherited)",
				);
				GCC_WARN_64_TO_32_BIT_CONVERSION = YES;
				GCC_WARN_ABOUT_RETURN_TYPE = YES_ERROR;
				GCC_WARN_UNDECLARED_SELECTOR = YES;
				GCC_WARN_UNINITIALIZED_AUTOS = YES_AGGRESSIVE;
				GCC_WARN_UNUSED_FUNCTION = YES;
				GCC_WARN_UNUSED_VARIABLE = YES;
				IPHONEOS_DEPLOYMENT_TARGET = 13.6;
				MTL_ENABLE_DEBUG_INFO = INCLUDE_SOURCE;
				MTL_FAST_MATH = YES;
				ONLY_ACTIVE_ARCH = YES;
				SDKROOT = iphoneos;
				SWIFT_ACTIVE_COMPILATION_CONDITIONS = DEBUG;
				SWIFT_OPTIMIZATION_LEVEL = "-Onone";
			};
			name = Debug;
		};
		242FE91624D3BB4700D42867 /* Release */ = {
			isa = XCBuildConfiguration;
			buildSettings = {
				ALWAYS_SEARCH_USER_PATHS = NO;
				CLANG_ANALYZER_NONNULL = YES;
				CLANG_ANALYZER_NUMBER_OBJECT_CONVERSION = YES_AGGRESSIVE;
				CLANG_CXX_LANGUAGE_STANDARD = "gnu++14";
				CLANG_CXX_LIBRARY = "libc++";
				CLANG_ENABLE_MODULES = YES;
				CLANG_ENABLE_OBJC_ARC = YES;
				CLANG_ENABLE_OBJC_WEAK = YES;
				CLANG_WARN_BLOCK_CAPTURE_AUTORELEASING = YES;
				CLANG_WARN_BOOL_CONVERSION = YES;
				CLANG_WARN_COMMA = YES;
				CLANG_WARN_CONSTANT_CONVERSION = YES;
				CLANG_WARN_DEPRECATED_OBJC_IMPLEMENTATIONS = YES;
				CLANG_WARN_DIRECT_OBJC_ISA_USAGE = YES_ERROR;
				CLANG_WARN_DOCUMENTATION_COMMENTS = YES;
				CLANG_WARN_EMPTY_BODY = YES;
				CLANG_WARN_ENUM_CONVERSION = YES;
				CLANG_WARN_INFINITE_RECURSION = YES;
				CLANG_WARN_INT_CONVERSION = YES;
				CLANG_WARN_NON_LITERAL_NULL_CONVERSION = YES;
				CLANG_WARN_OBJC_IMPLICIT_RETAIN_SELF = YES;
				CLANG_WARN_OBJC_LITERAL_CONVERSION = YES;
				CLANG_WARN_OBJC_ROOT_CLASS = YES_ERROR;
				CLANG_WARN_RANGE_LOOP_ANALYSIS = YES;
				CLANG_WARN_STRICT_PROTOTYPES = YES;
				CLANG_WARN_SUSPICIOUS_MOVE = YES;
				CLANG_WARN_UNGUARDED_AVAILABILITY = YES_AGGRESSIVE;
				CLANG_WARN_UNREACHABLE_CODE = YES;
				CLANG_WARN__DUPLICATE_METHOD_MATCH = YES;
				COPY_PHASE_STRIP = NO;
				DEBUG_INFORMATION_FORMAT = "dwarf-with-dsym";
				ENABLE_NS_ASSERTIONS = NO;
				ENABLE_STRICT_OBJC_MSGSEND = YES;
				GCC_C_LANGUAGE_STANDARD = gnu11;
				GCC_NO_COMMON_BLOCKS = YES;
				GCC_WARN_64_TO_32_BIT_CONVERSION = YES;
				GCC_WARN_ABOUT_RETURN_TYPE = YES_ERROR;
				GCC_WARN_UNDECLARED_SELECTOR = YES;
				GCC_WARN_UNINITIALIZED_AUTOS = YES_AGGRESSIVE;
				GCC_WARN_UNUSED_FUNCTION = YES;
				GCC_WARN_UNUSED_VARIABLE = YES;
				IPHONEOS_DEPLOYMENT_TARGET = 13.6;
				MTL_ENABLE_DEBUG_INFO = NO;
				MTL_FAST_MATH = YES;
				SDKROOT = iphoneos;
				SWIFT_COMPILATION_MODE = wholemodule;
				SWIFT_OPTIMIZATION_LEVEL = "-O";
				VALIDATE_PRODUCT = YES;
			};
			name = Release;
		};
		242FE91824D3BB4700D42867 /* Debug */ = {
			isa = XCBuildConfiguration;
			baseConfigurationReference = 9F70F64435C640D06DBC3A11 /* Pods-payrabbit-datafono-app-ios.debug.xcconfig */;
			buildSettings = {
				ASSETCATALOG_COMPILER_APPICON_NAME = AppIcon;
				CODE_SIGN_IDENTITY = "Apple Development";
				CODE_SIGN_STYLE = Automatic;
				CURRENT_PROJECT_VERSION = 2;
				DEVELOPMENT_TEAM = 47JFZL7X5Q;
				INFOPLIST_FILE = "payrabbit-datafono-app-ios/Info.plist";
				IPHONEOS_DEPLOYMENT_TARGET = 10.2;
				LD_RUNPATH_SEARCH_PATHS = (
					"$(inherited)",
					"@executable_path/Frameworks",
				);
				MARKETING_VERSION = 1.0;
				PRODUCT_BUNDLE_IDENTIFIER = com.clipclap.cclipclapdevelopment;
				PRODUCT_NAME = "$(TARGET_NAME)";
				PROVISIONING_PROFILE_SPECIFIER = "";
				SWIFT_VERSION = 5.0;
				TARGETED_DEVICE_FAMILY = "1,2";
			};
			name = Debug;
		};
		242FE91924D3BB4700D42867 /* Release */ = {
			isa = XCBuildConfiguration;
			baseConfigurationReference = C330F7D167BB0A96EC8511FC /* Pods-payrabbit-datafono-app-ios.release.xcconfig */;
			buildSettings = {
				ASSETCATALOG_COMPILER_APPICON_NAME = AppIcon;
				CODE_SIGN_IDENTITY = "Apple Development";
				CODE_SIGN_STYLE = Automatic;
				CURRENT_PROJECT_VERSION = 2;
				DEVELOPMENT_TEAM = 47JFZL7X5Q;
				INFOPLIST_FILE = "payrabbit-datafono-app-ios/Info.plist";
				IPHONEOS_DEPLOYMENT_TARGET = 10.2;
				LD_RUNPATH_SEARCH_PATHS = (
					"$(inherited)",
					"@executable_path/Frameworks",
				);
				MARKETING_VERSION = 1.0;
				PRODUCT_BUNDLE_IDENTIFIER = com.clipclap.cclipclapdevelopment;
				PRODUCT_NAME = "$(TARGET_NAME)";
				PROVISIONING_PROFILE_SPECIFIER = "";
				SWIFT_VERSION = 5.0;
				TARGETED_DEVICE_FAMILY = "1,2";
			};
			name = Release;
		};
		242FE91B24D3BB4700D42867 /* Debug */ = {
			isa = XCBuildConfiguration;
			baseConfigurationReference = F032CCCB7F41F7E8CEF1F64F /* Pods-payrabbit-datafono-app-iosTests.debug.xcconfig */;
			buildSettings = {
				ALWAYS_EMBED_SWIFT_STANDARD_LIBRARIES = YES;
				BUNDLE_LOADER = "$(TEST_HOST)";
				CODE_SIGN_STYLE = Automatic;
				INFOPLIST_FILE = "payrabbit-datafono-app-iosTests/Info.plist";
				IPHONEOS_DEPLOYMENT_TARGET = 13.6;
				LD_RUNPATH_SEARCH_PATHS = (
					"$(inherited)",
					"@executable_path/Frameworks",
					"@loader_path/Frameworks",
				);
				PRODUCT_BUNDLE_IDENTIFIER = "Keos.payrabbit-datafono-app-iosTests";
				PRODUCT_NAME = "$(TARGET_NAME)";
				SWIFT_VERSION = 5.0;
				TARGETED_DEVICE_FAMILY = "1,2";
				TEST_HOST = "$(BUILT_PRODUCTS_DIR)/payrabbit-datafono-app-ios.app/payrabbit-datafono-app-ios";
			};
			name = Debug;
		};
		242FE91C24D3BB4700D42867 /* Release */ = {
			isa = XCBuildConfiguration;
			baseConfigurationReference = C4886470D39785AB40197AA6 /* Pods-payrabbit-datafono-app-iosTests.release.xcconfig */;
			buildSettings = {
				ALWAYS_EMBED_SWIFT_STANDARD_LIBRARIES = YES;
				BUNDLE_LOADER = "$(TEST_HOST)";
				CODE_SIGN_STYLE = Automatic;
				INFOPLIST_FILE = "payrabbit-datafono-app-iosTests/Info.plist";
				IPHONEOS_DEPLOYMENT_TARGET = 13.6;
				LD_RUNPATH_SEARCH_PATHS = (
					"$(inherited)",
					"@executable_path/Frameworks",
					"@loader_path/Frameworks",
				);
				PRODUCT_BUNDLE_IDENTIFIER = "Keos.payrabbit-datafono-app-iosTests";
				PRODUCT_NAME = "$(TARGET_NAME)";
				SWIFT_VERSION = 5.0;
				TARGETED_DEVICE_FAMILY = "1,2";
				TEST_HOST = "$(BUILT_PRODUCTS_DIR)/payrabbit-datafono-app-ios.app/payrabbit-datafono-app-ios";
			};
			name = Release;
		};
		242FE91E24D3BB4700D42867 /* Debug */ = {
			isa = XCBuildConfiguration;
			baseConfigurationReference = 8ECAEFFB07F68CC92175C37E /* Pods-payrabbit-datafono-app-ios-payrabbit-datafono-app-iosUITests.debug.xcconfig */;
			buildSettings = {
				ALWAYS_EMBED_SWIFT_STANDARD_LIBRARIES = YES;
				CODE_SIGN_STYLE = Automatic;
				INFOPLIST_FILE = "payrabbit-datafono-app-iosUITests/Info.plist";
				LD_RUNPATH_SEARCH_PATHS = (
					"$(inherited)",
					"@executable_path/Frameworks",
					"@loader_path/Frameworks",
				);
				PRODUCT_BUNDLE_IDENTIFIER = "Keos.payrabbit-datafono-app-iosUITests";
				PRODUCT_NAME = "$(TARGET_NAME)";
				SWIFT_VERSION = 5.0;
				TARGETED_DEVICE_FAMILY = "1,2";
				TEST_TARGET_NAME = "payrabbit-datafono-app-ios";
			};
			name = Debug;
		};
		242FE91F24D3BB4700D42867 /* Release */ = {
			isa = XCBuildConfiguration;
			baseConfigurationReference = C307B4C252AB8DF78E0DC692 /* Pods-payrabbit-datafono-app-ios-payrabbit-datafono-app-iosUITests.release.xcconfig */;
			buildSettings = {
				ALWAYS_EMBED_SWIFT_STANDARD_LIBRARIES = YES;
				CODE_SIGN_STYLE = Automatic;
				INFOPLIST_FILE = "payrabbit-datafono-app-iosUITests/Info.plist";
				LD_RUNPATH_SEARCH_PATHS = (
					"$(inherited)",
					"@executable_path/Frameworks",
					"@loader_path/Frameworks",
				);
				PRODUCT_BUNDLE_IDENTIFIER = "Keos.payrabbit-datafono-app-iosUITests";
				PRODUCT_NAME = "$(TARGET_NAME)";
				SWIFT_VERSION = 5.0;
				TARGETED_DEVICE_FAMILY = "1,2";
				TEST_TARGET_NAME = "payrabbit-datafono-app-ios";
			};
			name = Release;
		};
/* End XCBuildConfiguration section */

/* Begin XCConfigurationList section */
		242FE8E824D3BB4400D42867 /* Build configuration list for PBXProject "payrabbit-datafono-app-ios" */ = {
			isa = XCConfigurationList;
			buildConfigurations = (
				242FE91524D3BB4700D42867 /* Debug */,
				242FE91624D3BB4700D42867 /* Release */,
			);
			defaultConfigurationIsVisible = 0;
			defaultConfigurationName = Release;
		};
		242FE91724D3BB4700D42867 /* Build configuration list for PBXNativeTarget "payrabbit-datafono-app-ios" */ = {
			isa = XCConfigurationList;
			buildConfigurations = (
				242FE91824D3BB4700D42867 /* Debug */,
				242FE91924D3BB4700D42867 /* Release */,
			);
			defaultConfigurationIsVisible = 0;
			defaultConfigurationName = Release;
		};
		242FE91A24D3BB4700D42867 /* Build configuration list for PBXNativeTarget "payrabbit-datafono-app-iosTests" */ = {
			isa = XCConfigurationList;
			buildConfigurations = (
				242FE91B24D3BB4700D42867 /* Debug */,
				242FE91C24D3BB4700D42867 /* Release */,
			);
			defaultConfigurationIsVisible = 0;
			defaultConfigurationName = Release;
		};
		242FE91D24D3BB4700D42867 /* Build configuration list for PBXNativeTarget "payrabbit-datafono-app-iosUITests" */ = {
			isa = XCConfigurationList;
			buildConfigurations = (
				242FE91E24D3BB4700D42867 /* Debug */,
				242FE91F24D3BB4700D42867 /* Release */,
			);
			defaultConfigurationIsVisible = 0;
			defaultConfigurationName = Release;
		};
/* End XCConfigurationList section */
	};
	rootObject = 242FE8E524D3BB4400D42867 /* Project object */;
}
